
Microsoft Visual Studio Solution File, Format Version 12.00
# Visual Studio Version 17
VisualStudioVersion = 17.0.31912.275
MinimumVisualStudioVersion = 10.0.40219.1
Project("{FAE04EC0-301F-11D3-BF4B-00C04F79EFBC}") = "Zetatech.Accelerate", "Zetatech.Accelerate\Zetatech.Accelerate.csproj", "{C2B3017B-5502-400B-ADF5-A6F502405E68}"
EndProject
Global
	GlobalSection(SolutionConfigurationPlatforms) = preSolution
		Debug|x64 = Debug|x64
		Debug|Any CPU = Debug|Any CPU
		Debug|x86 = Debug|x86
		Release|x64 = Release|x64
		Release|Any CPU = Release|Any CPU
		Release|x86 = Release|x86
	EndGlobalSection
	GlobalSection(ProjectConfigurationPlatforms) = postSolution
		{C2B3017B-5502-400B-ADF5-A6F502405E68}.Debug|x64.ActiveCfg = Debug|Any CPU
		{C2B3017B-5502-400B-ADF5-A6F502405E68}.Debug|x64.Build.0 = Debug|Any CPU
		{C2B3017B-5502-400B-ADF5-A6F502405E68}.Debug|Any CPU.ActiveCfg = Debug|Any CPU
		{C2B3017B-5502-400B-ADF5-A6F502405E68}.Debug|Any CPU.Build.0 = Debug|Any CPU
		{C2B3017B-5502-400B-ADF5-A6F502405E68}.Debug|x86.ActiveCfg = Debug|Any CPU
		{C2B3017B-5502-400B-ADF5-A6F502405E68}.Debug|x86.Build.0 = Debug|Any CPU
		{C2B3017B-5502-400B-ADF5-A6F502405E68}.Release|x64.ActiveCfg = Release|Any CPU
		{C2B3017B-5502-400B-ADF5-A6F502405E68}.Release|x64.Build.0 = Release|Any CPU
		{C2B3017B-5502-400B-ADF5-A6F502405E68}.Release|Any CPU.ActiveCfg = Release|Any CPU
		{C2B3017B-5502-400B-ADF5-A6F502405E68}.Release|Any CPU.Build.0 = Release|Any CPU
		{C2B3017B-5502-400B-ADF5-A6F502405E68}.Release|x86.ActiveCfg = Release|Any CPU
		{C2B3017B-5502-400B-ADF5-A6F502405E68}.Release|x86.Build.0 = Release|Any CPU
	EndGlobalSection
	GlobalSection(SolutionProperties) = preSolution
		HideSolutionNode = FALSE
	EndGlobalSection
	GlobalSection(ExtensibilityGlobals) = postSolution
		SolutionGuid = {24622CA8-B1FE-4FFE-9B1A-1B7D8562BB3F}
	EndGlobalSection
EndGlobal
