
Microsoft Visual Studio Solution File, Format Version 12.00
# Visual Studio Version 17
VisualStudioVersion = 17.0.31912.275
MinimumVisualStudioVersion = 10.0.40219.1
Project("{2150E333-8FDC-42A3-9474-1A3956D46DE8}") = "Libraries", "Libraries", "{F2E35B3E-9711-EDEC-6202-DB40BDEED14A}"
EndProject
Project("{FAE04EC0-301F-11D3-BF4B-00C04F79EFBC}") = "Zetatech.Accelerate", "Zetatech.Accelerate\Zetatech.Accelerate.csproj", "{2D8D3530-BB55-4E09-AF9A-037F6F789AC5}"
EndProject
Project("{FAE04EC0-301F-11D3-BF4B-00C04F79EFBC}") = "Zetatech.Accelerate.Abstractions", "Zetatech.Accelerate.Abstractions\Zetatech.Accelerate.Abstractions.csproj", "{7A86EF41-431E-44CE-99EE-1A02B442F884}"
EndProject
Project("{FAE04EC0-301F-11D3-BF4B-00C04F79EFBC}") = "Zetatech.Accelerate.AspNet", "Zetatech.Accelerate.AspNet\Zetatech.Accelerate.AspNet.csproj", "{269C44B6-A6E9-4D8B-86C2-DF33DC078C64}"
EndProject
Project("{FAE04EC0-301F-11D3-BF4B-00C04F79EFBC}") = "Zetatech.Accelerate.Caching", "Zetatech.Accelerate.Caching\Zetatech.Accelerate.Caching.csproj", "{5AC279CD-DBB1-446D-B6C3-CBE7DB51CEAE}"
EndProject
Project("{FAE04EC0-301F-11D3-BF4B-00C04F79EFBC}") = "Zetatech.Accelerate.Messaging", "Zetatech.Accelerate.Messaging\Zetatech.Accelerate.Messaging.csproj", "{AFE2B167-B872-4E80-8F05-AD674DD71E09}"
EndProject
Project("{FAE04EC0-301F-11D3-BF4B-00C04F79EFBC}") = "Zetatech.Accelerate.Persistency", "Zetatech.Accelerate.Persistency\Zetatech.Accelerate.Persistency.csproj", "{BF2B0A7D-3BFF-4310-BEAD-4E9F0B6D1E84}"
EndProject
Project("{FAE04EC0-301F-11D3-BF4B-00C04F79EFBC}") = "Zetatech.Accelerate.Tracking", "Zetatech.Accelerate.Tracking\Zetatech.Accelerate.Tracking.csproj", "{DD7293F8-286A-4652-865E-87C4F54F97C4}"
EndProject
Global
	GlobalSection(SolutionConfigurationPlatforms) = preSolution
		Debug|Any CPU = Debug|Any CPU
		Debug|x64 = Debug|x64
		Debug|x86 = Debug|x86
		Release|Any CPU = Release|Any CPU
		Release|x64 = Release|x64
		Release|x86 = Release|x86
	EndGlobalSection
	GlobalSection(ProjectConfigurationPlatforms) = postSolution
		{2D8D3530-BB55-4E09-AF9A-037F6F789AC5}.Debug|Any CPU.ActiveCfg = Debug|Any CPU
		{2D8D3530-BB55-4E09-AF9A-037F6F789AC5}.Debug|Any CPU.Build.0 = Debug|Any CPU
		{2D8D3530-BB55-4E09-AF9A-037F6F789AC5}.Debug|x64.ActiveCfg = Debug|Any CPU
		{2D8D3530-BB55-4E09-AF9A-037F6F789AC5}.Debug|x64.Build.0 = Debug|Any CPU
		{2D8D3530-BB55-4E09-AF9A-037F6F789AC5}.Debug|x86.ActiveCfg = Debug|Any CPU
		{2D8D3530-BB55-4E09-AF9A-037F6F789AC5}.Debug|x86.Build.0 = Debug|Any CPU
		{2D8D3530-BB55-4E09-AF9A-037F6F789AC5}.Release|Any CPU.ActiveCfg = Release|Any CPU
		{2D8D3530-BB55-4E09-AF9A-037F6F789AC5}.Release|Any CPU.Build.0 = Release|Any CPU
		{2D8D3530-BB55-4E09-AF9A-037F6F789AC5}.Release|x64.ActiveCfg = Release|Any CPU
		{2D8D3530-BB55-4E09-AF9A-037F6F789AC5}.Release|x64.Build.0 = Release|Any CPU
		{2D8D3530-BB55-4E09-AF9A-037F6F789AC5}.Release|x86.ActiveCfg = Release|Any CPU
		{2D8D3530-BB55-4E09-AF9A-037F6F789AC5}.Release|x86.Build.0 = Release|Any CPU
		{7A86EF41-431E-44CE-99EE-1A02B442F884}.Debug|Any CPU.ActiveCfg = Debug|Any CPU
		{7A86EF41-431E-44CE-99EE-1A02B442F884}.Debug|Any CPU.Build.0 = Debug|Any CPU
		{7A86EF41-431E-44CE-99EE-1A02B442F884}.Debug|x64.ActiveCfg = Debug|Any CPU
		{7A86EF41-431E-44CE-99EE-1A02B442F884}.Debug|x64.Build.0 = Debug|Any CPU
		{7A86EF41-431E-44CE-99EE-1A02B442F884}.Debug|x86.ActiveCfg = Debug|Any CPU
		{7A86EF41-431E-44CE-99EE-1A02B442F884}.Debug|x86.Build.0 = Debug|Any CPU
		{7A86EF41-431E-44CE-99EE-1A02B442F884}.Release|Any CPU.ActiveCfg = Release|Any CPU
		{7A86EF41-431E-44CE-99EE-1A02B442F884}.Release|Any CPU.Build.0 = Release|Any CPU
		{7A86EF41-431E-44CE-99EE-1A02B442F884}.Release|x64.ActiveCfg = Release|Any CPU
		{7A86EF41-431E-44CE-99EE-1A02B442F884}.Release|x64.Build.0 = Release|Any CPU
		{7A86EF41-431E-44CE-99EE-1A02B442F884}.Release|x86.ActiveCfg = Release|Any CPU
		{7A86EF41-431E-44CE-99EE-1A02B442F884}.Release|x86.Build.0 = Release|Any CPU
		{269C44B6-A6E9-4D8B-86C2-DF33DC078C64}.Debug|Any CPU.ActiveCfg = Debug|Any CPU
		{269C44B6-A6E9-4D8B-86C2-DF33DC078C64}.Debug|Any CPU.Build.0 = Debug|Any CPU
		{269C44B6-A6E9-4D8B-86C2-DF33DC078C64}.Debug|x64.ActiveCfg = Debug|Any CPU
		{269C44B6-A6E9-4D8B-86C2-DF33DC078C64}.Debug|x64.Build.0 = Debug|Any CPU
		{269C44B6-A6E9-4D8B-86C2-DF33DC078C64}.Debug|x86.ActiveCfg = Debug|Any CPU
		{269C44B6-A6E9-4D8B-86C2-DF33DC078C64}.Debug|x86.Build.0 = Debug|Any CPU
		{269C44B6-A6E9-4D8B-86C2-DF33DC078C64}.Release|Any CPU.ActiveCfg = Release|Any CPU
		{269C44B6-A6E9-4D8B-86C2-DF33DC078C64}.Release|Any CPU.Build.0 = Release|Any CPU
		{269C44B6-A6E9-4D8B-86C2-DF33DC078C64}.Release|x64.ActiveCfg = Release|Any CPU
		{269C44B6-A6E9-4D8B-86C2-DF33DC078C64}.Release|x64.Build.0 = Release|Any CPU
		{269C44B6-A6E9-4D8B-86C2-DF33DC078C64}.Release|x86.ActiveCfg = Release|Any CPU
		{269C44B6-A6E9-4D8B-86C2-DF33DC078C64}.Release|x86.Build.0 = Release|Any CPU
		{5AC279CD-DBB1-446D-B6C3-CBE7DB51CEAE}.Debug|Any CPU.ActiveCfg = Debug|Any CPU
		{5AC279CD-DBB1-446D-B6C3-CBE7DB51CEAE}.Debug|Any CPU.Build.0 = Debug|Any CPU
		{5AC279CD-DBB1-446D-B6C3-CBE7DB51CEAE}.Debug|x64.ActiveCfg = Debug|Any CPU
		{5AC279CD-DBB1-446D-B6C3-CBE7DB51CEAE}.Debug|x64.Build.0 = Debug|Any CPU
		{5AC279CD-DBB1-446D-B6C3-CBE7DB51CEAE}.Debug|x86.ActiveCfg = Debug|Any CPU
		{5AC279CD-DBB1-446D-B6C3-CBE7DB51CEAE}.Debug|x86.Build.0 = Debug|Any CPU
		{5AC279CD-DBB1-446D-B6C3-CBE7DB51CEAE}.Release|Any CPU.ActiveCfg = Release|Any CPU
		{5AC279CD-DBB1-446D-B6C3-CBE7DB51CEAE}.Release|Any CPU.Build.0 = Release|Any CPU
		{5AC279CD-DBB1-446D-B6C3-CBE7DB51CEAE}.Release|x64.ActiveCfg = Release|Any CPU
		{5AC279CD-DBB1-446D-B6C3-CBE7DB51CEAE}.Release|x64.Build.0 = Release|Any CPU
		{5AC279CD-DBB1-446D-B6C3-CBE7DB51CEAE}.Release|x86.ActiveCfg = Release|Any CPU
		{5AC279CD-DBB1-446D-B6C3-CBE7DB51CEAE}.Release|x86.Build.0 = Release|Any CPU
		{AFE2B167-B872-4E80-8F05-AD674DD71E09}.Debug|Any CPU.ActiveCfg = Debug|Any CPU
		{AFE2B167-B872-4E80-8F05-AD674DD71E09}.Debug|Any CPU.Build.0 = Debug|Any CPU
		{AFE2B167-B872-4E80-8F05-AD674DD71E09}.Debug|x64.ActiveCfg = Debug|Any CPU
		{AFE2B167-B872-4E80-8F05-AD674DD71E09}.Debug|x64.Build.0 = Debug|Any CPU
		{AFE2B167-B872-4E80-8F05-AD674DD71E09}.Debug|x86.ActiveCfg = Debug|Any CPU
		{AFE2B167-B872-4E80-8F05-AD674DD71E09}.Debug|x86.Build.0 = Debug|Any CPU
		{AFE2B167-B872-4E80-8F05-AD674DD71E09}.Release|Any CPU.ActiveCfg = Release|Any CPU
		{AFE2B167-B872-4E80-8F05-AD674DD71E09}.Release|Any CPU.Build.0 = Release|Any CPU
		{AFE2B167-B872-4E80-8F05-AD674DD71E09}.Release|x64.ActiveCfg = Release|Any CPU
		{AFE2B167-B872-4E80-8F05-AD674DD71E09}.Release|x64.Build.0 = Release|Any CPU
		{AFE2B167-B872-4E80-8F05-AD674DD71E09}.Release|x86.ActiveCfg = Release|Any CPU
		{AFE2B167-B872-4E80-8F05-AD674DD71E09}.Release|x86.Build.0 = Release|Any CPU
		{BF2B0A7D-3BFF-4310-BEAD-4E9F0B6D1E84}.Debug|Any CPU.ActiveCfg = Debug|Any CPU
		{BF2B0A7D-3BFF-4310-BEAD-4E9F0B6D1E84}.Debug|Any CPU.Build.0 = Debug|Any CPU
		{BF2B0A7D-3BFF-4310-BEAD-4E9F0B6D1E84}.Debug|x64.ActiveCfg = Debug|Any CPU
		{BF2B0A7D-3BFF-4310-BEAD-4E9F0B6D1E84}.Debug|x64.Build.0 = Debug|Any CPU
		{BF2B0A7D-3BFF-4310-BEAD-4E9F0B6D1E84}.Debug|x86.ActiveCfg = Debug|Any CPU
		{BF2B0A7D-3BFF-4310-BEAD-4E9F0B6D1E84}.Debug|x86.Build.0 = Debug|Any CPU
		{BF2B0A7D-3BFF-4310-BEAD-4E9F0B6D1E84}.Release|Any CPU.ActiveCfg = Release|Any CPU
		{BF2B0A7D-3BFF-4310-BEAD-4E9F0B6D1E84}.Release|Any CPU.Build.0 = Release|Any CPU
		{BF2B0A7D-3BFF-4310-BEAD-4E9F0B6D1E84}.Release|x64.ActiveCfg = Release|Any CPU
		{BF2B0A7D-3BFF-4310-BEAD-4E9F0B6D1E84}.Release|x64.Build.0 = Release|Any CPU
		{BF2B0A7D-3BFF-4310-BEAD-4E9F0B6D1E84}.Release|x86.ActiveCfg = Release|Any CPU
		{BF2B0A7D-3BFF-4310-BEAD-4E9F0B6D1E84}.Release|x86.Build.0 = Release|Any CPU
		{DD7293F8-286A-4652-865E-87C4F54F97C4}.Debug|Any CPU.ActiveCfg = Debug|Any CPU
		{DD7293F8-286A-4652-865E-87C4F54F97C4}.Debug|Any CPU.Build.0 = Debug|Any CPU
		{DD7293F8-286A-4652-865E-87C4F54F97C4}.Debug|x64.ActiveCfg = Debug|Any CPU
		{DD7293F8-286A-4652-865E-87C4F54F97C4}.Debug|x64.Build.0 = Debug|Any CPU
		{DD7293F8-286A-4652-865E-87C4F54F97C4}.Debug|x86.ActiveCfg = Debug|Any CPU
		{DD7293F8-286A-4652-865E-87C4F54F97C4}.Debug|x86.Build.0 = Debug|Any CPU
		{DD7293F8-286A-4652-865E-87C4F54F97C4}.Release|Any CPU.ActiveCfg = Release|Any CPU
		{DD7293F8-286A-4652-865E-87C4F54F97C4}.Release|Any CPU.Build.0 = Release|Any CPU
		{DD7293F8-286A-4652-865E-87C4F54F97C4}.Release|x64.ActiveCfg = Release|Any CPU
		{DD7293F8-286A-4652-865E-87C4F54F97C4}.Release|x64.Build.0 = Release|Any CPU
		{DD7293F8-286A-4652-865E-87C4F54F97C4}.Release|x86.ActiveCfg = Release|Any CPU
		{DD7293F8-286A-4652-865E-87C4F54F97C4}.Release|x86.Build.0 = Release|Any CPU
	EndGlobalSection
	GlobalSection(SolutionProperties) = preSolution
		HideSolutionNode = FALSE
	EndGlobalSection
	GlobalSection(NestedProjects) = preSolution
		{2D8D3530-BB55-4E09-AF9A-037F6F789AC5} = {F2E35B3E-9711-EDEC-6202-DB40BDEED14A}
		{7A86EF41-431E-44CE-99EE-1A02B442F884} = {F2E35B3E-9711-EDEC-6202-DB40BDEED14A}
		{269C44B6-A6E9-4D8B-86C2-DF33DC078C64} = {F2E35B3E-9711-EDEC-6202-DB40BDEED14A}
		{5AC279CD-DBB1-446D-B6C3-CBE7DB51CEAE} = {F2E35B3E-9711-EDEC-6202-DB40BDEED14A}
		{AFE2B167-B872-4E80-8F05-AD674DD71E09} = {F2E35B3E-9711-EDEC-6202-DB40BDEED14A}
		{BF2B0A7D-3BFF-4310-BEAD-4E9F0B6D1E84} = {F2E35B3E-9711-EDEC-6202-DB40BDEED14A}
		{DD7293F8-286A-4652-865E-87C4F54F97C4} = {F2E35B3E-9711-EDEC-6202-DB40BDEED14A}
	EndGlobalSection
	GlobalSection(ExtensibilityGlobals) = postSolution
		SolutionGuid = {24622CA8-B1FE-4FFE-9B1A-1B7D8562BB3F}
	EndGlobalSection
EndGlobal
