
Microsoft Visual Studio Solution File, Format Version 12.00
# Visual Studio Version 17
VisualStudioVersion = 17.0.31912.275
MinimumVisualStudioVersion = 10.0.40219.1
Project("{2150E333-8FDC-42A3-9474-1A3956D46DE8}") = "Application", "Application", "{A74F262E-BDE7-D5D2-89E9-785413424D0A}"
EndProject
Project("{FAE04EC0-301F-11D3-BF4B-00C04F79EFBC}") = "Abstractions", "Application\Abstractions\Abstractions.csproj", "{5683263C-1E52-4A2E-9256-893009BF790B}"
EndProject
Project("{FAE04EC0-301F-11D3-BF4B-00C04F79EFBC}") = "UnitTests", "Application\UnitTests\UnitTests.csproj", "{35EFEF77-CFD8-426F-9675-2A459F30248F}"
EndProject
Project("{2150E333-8FDC-42A3-9474-1A3956D46DE8}") = "Cache", "Cache", "{8D9D945D-F447-945B-7FF7-1EA07C640C84}"
EndProject
Project("{FAE04EC0-301F-11D3-BF4B-00C04F79EFBC}") = "Abstractions", "Cache\Abstractions\Abstractions.csproj", "{E6C0B55A-6F00-A760-6793-274469BC8664}"
EndProject
Project("{FAE04EC0-301F-11D3-BF4B-00C04F79EFBC}") = "Memory", "Cache\Memory\Memory.csproj", "{74844D75-2A9B-15E1-A88C-054D3B36AF25}"
EndProject
Project("{FAE04EC0-301F-11D3-BF4B-00C04F79EFBC}") = "UnitTests", "Cache\UnitTests\UnitTests.csproj", "{50AFE11B-703A-BEE9-7E4C-16735CA4E5B4}"
EndProject
Project("{2150E333-8FDC-42A3-9474-1A3956D46DE8}") = "Data", "Data", "{02EA681E-C7D8-13C7-8484-4AC65E1B71E8}"
EndProject
Project("{FAE04EC0-301F-11D3-BF4B-00C04F79EFBC}") = "Abstractions", "Data\Abstractions\Abstractions.csproj", "{9684279D-0C5F-ECFB-32AA-79C46D9FBD6F}"
EndProject
Project("{FAE04EC0-301F-11D3-BF4B-00C04F79EFBC}") = "Cosmos", "Data\Cosmos\Cosmos.csproj", "{66F0C8F3-1207-FBD1-1208-33F2ACBF267A}"
EndProject
Project("{FAE04EC0-301F-11D3-BF4B-00C04F79EFBC}") = "EntityFramework", "Data\EntityFramework\EntityFramework.csproj", "{EA28E862-367D-6F01-221F-612D6092B7A9}"
EndProject
Project("{FAE04EC0-301F-11D3-BF4B-00C04F79EFBC}") = "MySQL", "Data\MySQL\MySQL.csproj", "{BCB7F7A1-E2C9-8747-5A99-66ED97DDA3DF}"
EndProject
Project("{FAE04EC0-301F-11D3-BF4B-00C04F79EFBC}") = "PostgreSQL", "Data\PostgreSQL\PostgreSQL.csproj", "{7C3F7E77-A52B-0343-AC5F-56F6A947A9E7}"
EndProject
Project("{FAE04EC0-301F-11D3-BF4B-00C04F79EFBC}") = "SQLite", "Data\SQLite\SQLite.csproj", "{1D65F41E-4F9D-D7D4-C3A5-E0865DD2005D}"
EndProject
Project("{FAE04EC0-301F-11D3-BF4B-00C04F79EFBC}") = "SQLServer", "Data\SQLServer\SQLServer.csproj", "{D20DFA27-C4D5-19E3-9450-5AF997970942}"
EndProject
Project("{FAE04EC0-301F-11D3-BF4B-00C04F79EFBC}") = "UnitTests", "Data\UnitTests\UnitTests.csproj", "{8AE96F39-E3A7-64FB-5ACA-BC679E779BDD}"
EndProject
Project("{2150E333-8FDC-42A3-9474-1A3956D46DE8}") = "Domain", "Domain", "{9D57FA24-CAC1-4F57-B903-303D301A360F}"
EndProject
Project("{FAE04EC0-301F-11D3-BF4B-00C04F79EFBC}") = "Abstractions", "Domain\Abstractions\Abstractions.csproj", "{156C890D-1C7A-3763-BD86-FE3821BCCB36}"
EndProject
Project("{FAE04EC0-301F-11D3-BF4B-00C04F79EFBC}") = "UnitTests", "Domain\UnitTests\UnitTests.csproj", "{A86082B5-A287-0A5F-A445-3048AF2D6942}"
EndProject
Project("{2150E333-8FDC-42A3-9474-1A3956D46DE8}") = "Exceptions", "Exceptions", "{E3989123-815C-485F-AA00-FE770C490E0C}"
EndProject
Project("{FAE04EC0-301F-11D3-BF4B-00C04F79EFBC}") = "Exceptions", "Exceptions\Exceptions\Exceptions.csproj", "{2AB1F31E-1FE6-9D4D-405B-E23CF66C6436}"
EndProject
Project("{FAE04EC0-301F-11D3-BF4B-00C04F79EFBC}") = "UnitTests", "Exceptions\UnitTests\UnitTests.csproj", "{CDB7A93B-8DEB-441B-2B51-8BF0218A31B5}"
EndProject
Project("{2150E333-8FDC-42A3-9474-1A3956D46DE8}") = "Logging", "Logging", "{684900C6-FEA0-4FE0-B90C-5A8DDCF27224}"
EndProject
Project("{FAE04EC0-301F-11D3-BF4B-00C04F79EFBC}") = "Abstractions", "Logging\Abstractions\Abstractions.csproj", "{AD5E08A4-010C-4353-A0A1-0BE636A9DB2E}"
EndProject
Project("{FAE04EC0-301F-11D3-BF4B-00C04F79EFBC}") = "AppInsights", "Logging\AppInsights\AppInsights.csproj", "{78AE72A2-9AF5-2D9E-E745-E9CCE8B0A17A}"
EndProject
Project("{FAE04EC0-301F-11D3-BF4B-00C04F79EFBC}") = "Console", "Logging\Console\Console.csproj", "{F88B0FD3-0F8D-3678-F847-DD03403A4560}"
EndProject
Project("{FAE04EC0-301F-11D3-BF4B-00C04F79EFBC}") = "Database", "Logging\Database\Database.csproj", "{6AF5C765-2224-BAB6-CD5B-D0450669AFCE}"
EndProject
Project("{FAE04EC0-301F-11D3-BF4B-00C04F79EFBC}") = "FileSystem", "Logging\FileSystem\FileSystem.csproj", "{7C275498-C99D-7BB0-3BEF-5DD83EEC7FC9}"
EndProject
Project("{FAE04EC0-301F-11D3-BF4B-00C04F79EFBC}") = "UnitTests", "Logging\UnitTests\UnitTests.csproj", "{8AE355D5-AAFF-245A-D18D-3A5FC02E97CF}"
EndProject
Project("{2150E333-8FDC-42A3-9474-1A3956D46DE8}") = "Telemetry", "Telemetry", "{1EA52E70-6BC4-42E6-BD5A-EDDF7156BA72}"
EndProject
Project("{FAE04EC0-301F-11D3-BF4B-00C04F79EFBC}") = "Abstractions", "Telemetry\Abstractions\Abstractions.csproj", "{A946D101-10C4-A311-4EDD-C818BE007F6F}"
EndProject
Project("{FAE04EC0-301F-11D3-BF4B-00C04F79EFBC}") = "AppInsights", "Telemetry\AppInsights\AppInsights.csproj", "{FB423386-A5CE-F2E0-63EC-66099B19577D}"
EndProject
Project("{FAE04EC0-301F-11D3-BF4B-00C04F79EFBC}") = "Database", "Telemetry\Database\Database.csproj", "{2674ACB6-E4B5-FAF4-C0F8-9DEE57A54AEA}"
EndProject
Project("{FAE04EC0-301F-11D3-BF4B-00C04F79EFBC}") = "UnitTests", "Telemetry\UnitTests\UnitTests.csproj", "{8E9B3FBF-BAE1-4408-8D24-F11E71C8D703}"
EndProject
Project("{2150E333-8FDC-42A3-9474-1A3956D46DE8}") = "Testing", "Testing", "{AE9C7B17-225A-471F-9027-A34E24781A70}"
EndProject
Project("{FAE04EC0-301F-11D3-BF4B-00C04F79EFBC}") = "Abstractions", "Testing\Abstractions\Abstractions.csproj", "{75597661-6E3A-6633-043A-7002B0C5395E}"
EndProject
Project("{FAE04EC0-301F-11D3-BF4B-00C04F79EFBC}") = "xUnit", "Testing\xUnit\xUnit.csproj", "{B4731C20-EDB8-FFE9-6AEA-667B54C5C90E}"
EndProject
Project("{2150E333-8FDC-42A3-9474-1A3956D46DE8}") = "Web", "Web", "{059FA3DF-7E3B-401E-9E6A-644E2493452B}"
EndProject
Project("{FAE04EC0-301F-11D3-BF4B-00C04F79EFBC}") = "Abstractions", "Web\Abstractions\Abstractions.csproj", "{12934EBE-C34F-E3E9-B2CD-4A1E2BBAF4F0}"
EndProject
Project("{FAE04EC0-301F-11D3-BF4B-00C04F79EFBC}") = "UnitTests", "Web\UnitTests\UnitTests.csproj", "{2C0AFA75-5C78-8272-D665-7E8171C945ED}"
EndProject
Project("{2150E333-8FDC-42A3-9474-1A3956D46DE8}") = "Github", "Github", "{2F2D825C-AF37-4DF9-9326-CA7E4666527E}"
EndProject
Project("{2150E333-8FDC-42A3-9474-1A3956D46DE8}") = "Workflows", "Workflows", "{96F749CE-3274-4D11-8CA9-7B9C6CA3D9FD}"
	ProjectSection(SolutionItems) = preProject
		..\.github\workflows\build.yml = ..\.github\workflows\build.yml
		..\.github\workflows\preview.yml = ..\.github\workflows\preview.yml
		..\.github\workflows\stable.yml = ..\.github\workflows\stable.yml
	EndProjectSection
EndProject
Global
	GlobalSection(SolutionConfigurationPlatforms) = preSolution
		Debug|Any CPU = Debug|Any CPU
		Debug|x64 = Debug|x64
		Debug|x86 = Debug|x86
		Release|Any CPU = Release|Any CPU
		Release|x64 = Release|x64
		Release|x86 = Release|x86
	EndGlobalSection
	GlobalSection(ProjectConfigurationPlatforms) = postSolution
		{5683263C-1E52-4A2E-9256-893009BF790B}.Debug|Any CPU.ActiveCfg = Debug|Any CPU
		{5683263C-1E52-4A2E-9256-893009BF790B}.Debug|Any CPU.Build.0 = Debug|Any CPU
		{5683263C-1E52-4A2E-9256-893009BF790B}.Debug|x64.ActiveCfg = Debug|Any CPU
		{5683263C-1E52-4A2E-9256-893009BF790B}.Debug|x64.Build.0 = Debug|Any CPU
		{5683263C-1E52-4A2E-9256-893009BF790B}.Debug|x86.ActiveCfg = Debug|Any CPU
		{5683263C-1E52-4A2E-9256-893009BF790B}.Debug|x86.Build.0 = Debug|Any CPU
		{5683263C-1E52-4A2E-9256-893009BF790B}.Release|Any CPU.ActiveCfg = Release|Any CPU
		{5683263C-1E52-4A2E-9256-893009BF790B}.Release|Any CPU.Build.0 = Release|Any CPU
		{5683263C-1E52-4A2E-9256-893009BF790B}.Release|x64.ActiveCfg = Release|Any CPU
		{5683263C-1E52-4A2E-9256-893009BF790B}.Release|x64.Build.0 = Release|Any CPU
		{5683263C-1E52-4A2E-9256-893009BF790B}.Release|x86.ActiveCfg = Release|Any CPU
		{5683263C-1E52-4A2E-9256-893009BF790B}.Release|x86.Build.0 = Release|Any CPU
		{35EFEF77-CFD8-426F-9675-2A459F30248F}.Debug|Any CPU.ActiveCfg = Debug|Any CPU
		{35EFEF77-CFD8-426F-9675-2A459F30248F}.Debug|Any CPU.Build.0 = Debug|Any CPU
		{35EFEF77-CFD8-426F-9675-2A459F30248F}.Debug|x64.ActiveCfg = Debug|Any CPU
		{35EFEF77-CFD8-426F-9675-2A459F30248F}.Debug|x64.Build.0 = Debug|Any CPU
		{35EFEF77-CFD8-426F-9675-2A459F30248F}.Debug|x86.ActiveCfg = Debug|Any CPU
		{35EFEF77-CFD8-426F-9675-2A459F30248F}.Debug|x86.Build.0 = Debug|Any CPU
		{35EFEF77-CFD8-426F-9675-2A459F30248F}.Release|Any CPU.ActiveCfg = Release|Any CPU
		{35EFEF77-CFD8-426F-9675-2A459F30248F}.Release|Any CPU.Build.0 = Release|Any CPU
		{35EFEF77-CFD8-426F-9675-2A459F30248F}.Release|x64.ActiveCfg = Release|Any CPU
		{35EFEF77-CFD8-426F-9675-2A459F30248F}.Release|x64.Build.0 = Release|Any CPU
		{35EFEF77-CFD8-426F-9675-2A459F30248F}.Release|x86.ActiveCfg = Release|Any CPU
		{35EFEF77-CFD8-426F-9675-2A459F30248F}.Release|x86.Build.0 = Release|Any CPU
		{E6C0B55A-6F00-A760-6793-274469BC8664}.Debug|Any CPU.ActiveCfg = Debug|Any CPU
		{E6C0B55A-6F00-A760-6793-274469BC8664}.Debug|Any CPU.Build.0 = Debug|Any CPU
		{E6C0B55A-6F00-A760-6793-274469BC8664}.Debug|x64.ActiveCfg = Debug|Any CPU
		{E6C0B55A-6F00-A760-6793-274469BC8664}.Debug|x64.Build.0 = Debug|Any CPU
		{E6C0B55A-6F00-A760-6793-274469BC8664}.Debug|x86.ActiveCfg = Debug|Any CPU
		{E6C0B55A-6F00-A760-6793-274469BC8664}.Debug|x86.Build.0 = Debug|Any CPU
		{E6C0B55A-6F00-A760-6793-274469BC8664}.Release|Any CPU.ActiveCfg = Release|Any CPU
		{E6C0B55A-6F00-A760-6793-274469BC8664}.Release|Any CPU.Build.0 = Release|Any CPU
		{E6C0B55A-6F00-A760-6793-274469BC8664}.Release|x64.ActiveCfg = Release|Any CPU
		{E6C0B55A-6F00-A760-6793-274469BC8664}.Release|x64.Build.0 = Release|Any CPU
		{E6C0B55A-6F00-A760-6793-274469BC8664}.Release|x86.ActiveCfg = Release|Any CPU
		{E6C0B55A-6F00-A760-6793-274469BC8664}.Release|x86.Build.0 = Release|Any CPU
		{74844D75-2A9B-15E1-A88C-054D3B36AF25}.Debug|Any CPU.ActiveCfg = Debug|Any CPU
		{74844D75-2A9B-15E1-A88C-054D3B36AF25}.Debug|Any CPU.Build.0 = Debug|Any CPU
		{74844D75-2A9B-15E1-A88C-054D3B36AF25}.Debug|x64.ActiveCfg = Debug|Any CPU
		{74844D75-2A9B-15E1-A88C-054D3B36AF25}.Debug|x64.Build.0 = Debug|Any CPU
		{74844D75-2A9B-15E1-A88C-054D3B36AF25}.Debug|x86.ActiveCfg = Debug|Any CPU
		{74844D75-2A9B-15E1-A88C-054D3B36AF25}.Debug|x86.Build.0 = Debug|Any CPU
		{74844D75-2A9B-15E1-A88C-054D3B36AF25}.Release|Any CPU.ActiveCfg = Release|Any CPU
		{74844D75-2A9B-15E1-A88C-054D3B36AF25}.Release|Any CPU.Build.0 = Release|Any CPU
		{74844D75-2A9B-15E1-A88C-054D3B36AF25}.Release|x64.ActiveCfg = Release|Any CPU
		{74844D75-2A9B-15E1-A88C-054D3B36AF25}.Release|x64.Build.0 = Release|Any CPU
		{74844D75-2A9B-15E1-A88C-054D3B36AF25}.Release|x86.ActiveCfg = Release|Any CPU
		{74844D75-2A9B-15E1-A88C-054D3B36AF25}.Release|x86.Build.0 = Release|Any CPU
		{50AFE11B-703A-BEE9-7E4C-16735CA4E5B4}.Debug|Any CPU.ActiveCfg = Debug|Any CPU
		{50AFE11B-703A-BEE9-7E4C-16735CA4E5B4}.Debug|Any CPU.Build.0 = Debug|Any CPU
		{50AFE11B-703A-BEE9-7E4C-16735CA4E5B4}.Debug|x64.ActiveCfg = Debug|Any CPU
		{50AFE11B-703A-BEE9-7E4C-16735CA4E5B4}.Debug|x64.Build.0 = Debug|Any CPU
		{50AFE11B-703A-BEE9-7E4C-16735CA4E5B4}.Debug|x86.ActiveCfg = Debug|Any CPU
		{50AFE11B-703A-BEE9-7E4C-16735CA4E5B4}.Debug|x86.Build.0 = Debug|Any CPU
		{50AFE11B-703A-BEE9-7E4C-16735CA4E5B4}.Release|Any CPU.ActiveCfg = Release|Any CPU
		{50AFE11B-703A-BEE9-7E4C-16735CA4E5B4}.Release|Any CPU.Build.0 = Release|Any CPU
		{50AFE11B-703A-BEE9-7E4C-16735CA4E5B4}.Release|x64.ActiveCfg = Release|Any CPU
		{50AFE11B-703A-BEE9-7E4C-16735CA4E5B4}.Release|x64.Build.0 = Release|Any CPU
		{50AFE11B-703A-BEE9-7E4C-16735CA4E5B4}.Release|x86.ActiveCfg = Release|Any CPU
		{50AFE11B-703A-BEE9-7E4C-16735CA4E5B4}.Release|x86.Build.0 = Release|Any CPU
		{9684279D-0C5F-ECFB-32AA-79C46D9FBD6F}.Debug|Any CPU.ActiveCfg = Debug|Any CPU
		{9684279D-0C5F-ECFB-32AA-79C46D9FBD6F}.Debug|Any CPU.Build.0 = Debug|Any CPU
		{9684279D-0C5F-ECFB-32AA-79C46D9FBD6F}.Debug|x64.ActiveCfg = Debug|Any CPU
		{9684279D-0C5F-ECFB-32AA-79C46D9FBD6F}.Debug|x64.Build.0 = Debug|Any CPU
		{9684279D-0C5F-ECFB-32AA-79C46D9FBD6F}.Debug|x86.ActiveCfg = Debug|Any CPU
		{9684279D-0C5F-ECFB-32AA-79C46D9FBD6F}.Debug|x86.Build.0 = Debug|Any CPU
		{9684279D-0C5F-ECFB-32AA-79C46D9FBD6F}.Release|Any CPU.ActiveCfg = Release|Any CPU
		{9684279D-0C5F-ECFB-32AA-79C46D9FBD6F}.Release|Any CPU.Build.0 = Release|Any CPU
		{9684279D-0C5F-ECFB-32AA-79C46D9FBD6F}.Release|x64.ActiveCfg = Release|Any CPU
		{9684279D-0C5F-ECFB-32AA-79C46D9FBD6F}.Release|x64.Build.0 = Release|Any CPU
		{9684279D-0C5F-ECFB-32AA-79C46D9FBD6F}.Release|x86.ActiveCfg = Release|Any CPU
		{9684279D-0C5F-ECFB-32AA-79C46D9FBD6F}.Release|x86.Build.0 = Release|Any CPU
		{66F0C8F3-1207-FBD1-1208-33F2ACBF267A}.Debug|Any CPU.ActiveCfg = Debug|Any CPU
		{66F0C8F3-1207-FBD1-1208-33F2ACBF267A}.Debug|Any CPU.Build.0 = Debug|Any CPU
		{66F0C8F3-1207-FBD1-1208-33F2ACBF267A}.Debug|x64.ActiveCfg = Debug|Any CPU
		{66F0C8F3-1207-FBD1-1208-33F2ACBF267A}.Debug|x64.Build.0 = Debug|Any CPU
		{66F0C8F3-1207-FBD1-1208-33F2ACBF267A}.Debug|x86.ActiveCfg = Debug|Any CPU
		{66F0C8F3-1207-FBD1-1208-33F2ACBF267A}.Debug|x86.Build.0 = Debug|Any CPU
		{66F0C8F3-1207-FBD1-1208-33F2ACBF267A}.Release|Any CPU.ActiveCfg = Release|Any CPU
		{66F0C8F3-1207-FBD1-1208-33F2ACBF267A}.Release|Any CPU.Build.0 = Release|Any CPU
		{66F0C8F3-1207-FBD1-1208-33F2ACBF267A}.Release|x64.ActiveCfg = Release|Any CPU
		{66F0C8F3-1207-FBD1-1208-33F2ACBF267A}.Release|x64.Build.0 = Release|Any CPU
		{66F0C8F3-1207-FBD1-1208-33F2ACBF267A}.Release|x86.ActiveCfg = Release|Any CPU
		{66F0C8F3-1207-FBD1-1208-33F2ACBF267A}.Release|x86.Build.0 = Release|Any CPU
		{EA28E862-367D-6F01-221F-612D6092B7A9}.Debug|Any CPU.ActiveCfg = Debug|Any CPU
		{EA28E862-367D-6F01-221F-612D6092B7A9}.Debug|Any CPU.Build.0 = Debug|Any CPU
		{EA28E862-367D-6F01-221F-612D6092B7A9}.Debug|x64.ActiveCfg = Debug|Any CPU
		{EA28E862-367D-6F01-221F-612D6092B7A9}.Debug|x64.Build.0 = Debug|Any CPU
		{EA28E862-367D-6F01-221F-612D6092B7A9}.Debug|x86.ActiveCfg = Debug|Any CPU
		{EA28E862-367D-6F01-221F-612D6092B7A9}.Debug|x86.Build.0 = Debug|Any CPU
		{EA28E862-367D-6F01-221F-612D6092B7A9}.Release|Any CPU.ActiveCfg = Release|Any CPU
		{EA28E862-367D-6F01-221F-612D6092B7A9}.Release|Any CPU.Build.0 = Release|Any CPU
		{EA28E862-367D-6F01-221F-612D6092B7A9}.Release|x64.ActiveCfg = Release|Any CPU
		{EA28E862-367D-6F01-221F-612D6092B7A9}.Release|x64.Build.0 = Release|Any CPU
		{EA28E862-367D-6F01-221F-612D6092B7A9}.Release|x86.ActiveCfg = Release|Any CPU
		{EA28E862-367D-6F01-221F-612D6092B7A9}.Release|x86.Build.0 = Release|Any CPU
		{BCB7F7A1-E2C9-8747-5A99-66ED97DDA3DF}.Debug|Any CPU.ActiveCfg = Debug|Any CPU
		{BCB7F7A1-E2C9-8747-5A99-66ED97DDA3DF}.Debug|Any CPU.Build.0 = Debug|Any CPU
		{BCB7F7A1-E2C9-8747-5A99-66ED97DDA3DF}.Debug|x64.ActiveCfg = Debug|Any CPU
		{BCB7F7A1-E2C9-8747-5A99-66ED97DDA3DF}.Debug|x64.Build.0 = Debug|Any CPU
		{BCB7F7A1-E2C9-8747-5A99-66ED97DDA3DF}.Debug|x86.ActiveCfg = Debug|Any CPU
		{BCB7F7A1-E2C9-8747-5A99-66ED97DDA3DF}.Debug|x86.Build.0 = Debug|Any CPU
		{BCB7F7A1-E2C9-8747-5A99-66ED97DDA3DF}.Release|Any CPU.ActiveCfg = Release|Any CPU
		{BCB7F7A1-E2C9-8747-5A99-66ED97DDA3DF}.Release|Any CPU.Build.0 = Release|Any CPU
		{BCB7F7A1-E2C9-8747-5A99-66ED97DDA3DF}.Release|x64.ActiveCfg = Release|Any CPU
		{BCB7F7A1-E2C9-8747-5A99-66ED97DDA3DF}.Release|x64.Build.0 = Release|Any CPU
		{BCB7F7A1-E2C9-8747-5A99-66ED97DDA3DF}.Release|x86.ActiveCfg = Release|Any CPU
		{BCB7F7A1-E2C9-8747-5A99-66ED97DDA3DF}.Release|x86.Build.0 = Release|Any CPU
		{7C3F7E77-A52B-0343-AC5F-56F6A947A9E7}.Debug|Any CPU.ActiveCfg = Debug|Any CPU
		{7C3F7E77-A52B-0343-AC5F-56F6A947A9E7}.Debug|Any CPU.Build.0 = Debug|Any CPU
		{7C3F7E77-A52B-0343-AC5F-56F6A947A9E7}.Debug|x64.ActiveCfg = Debug|Any CPU
		{7C3F7E77-A52B-0343-AC5F-56F6A947A9E7}.Debug|x64.Build.0 = Debug|Any CPU
		{7C3F7E77-A52B-0343-AC5F-56F6A947A9E7}.Debug|x86.ActiveCfg = Debug|Any CPU
		{7C3F7E77-A52B-0343-AC5F-56F6A947A9E7}.Debug|x86.Build.0 = Debug|Any CPU
		{7C3F7E77-A52B-0343-AC5F-56F6A947A9E7}.Release|Any CPU.ActiveCfg = Release|Any CPU
		{7C3F7E77-A52B-0343-AC5F-56F6A947A9E7}.Release|Any CPU.Build.0 = Release|Any CPU
		{7C3F7E77-A52B-0343-AC5F-56F6A947A9E7}.Release|x64.ActiveCfg = Release|Any CPU
		{7C3F7E77-A52B-0343-AC5F-56F6A947A9E7}.Release|x64.Build.0 = Release|Any CPU
		{7C3F7E77-A52B-0343-AC5F-56F6A947A9E7}.Release|x86.ActiveCfg = Release|Any CPU
		{7C3F7E77-A52B-0343-AC5F-56F6A947A9E7}.Release|x86.Build.0 = Release|Any CPU
		{1D65F41E-4F9D-D7D4-C3A5-E0865DD2005D}.Debug|Any CPU.ActiveCfg = Debug|Any CPU
		{1D65F41E-4F9D-D7D4-C3A5-E0865DD2005D}.Debug|Any CPU.Build.0 = Debug|Any CPU
		{1D65F41E-4F9D-D7D4-C3A5-E0865DD2005D}.Debug|x64.ActiveCfg = Debug|Any CPU
		{1D65F41E-4F9D-D7D4-C3A5-E0865DD2005D}.Debug|x64.Build.0 = Debug|Any CPU
		{1D65F41E-4F9D-D7D4-C3A5-E0865DD2005D}.Debug|x86.ActiveCfg = Debug|Any CPU
		{1D65F41E-4F9D-D7D4-C3A5-E0865DD2005D}.Debug|x86.Build.0 = Debug|Any CPU
		{1D65F41E-4F9D-D7D4-C3A5-E0865DD2005D}.Release|Any CPU.ActiveCfg = Release|Any CPU
		{1D65F41E-4F9D-D7D4-C3A5-E0865DD2005D}.Release|Any CPU.Build.0 = Release|Any CPU
		{1D65F41E-4F9D-D7D4-C3A5-E0865DD2005D}.Release|x64.ActiveCfg = Release|Any CPU
		{1D65F41E-4F9D-D7D4-C3A5-E0865DD2005D}.Release|x64.Build.0 = Release|Any CPU
		{1D65F41E-4F9D-D7D4-C3A5-E0865DD2005D}.Release|x86.ActiveCfg = Release|Any CPU
		{1D65F41E-4F9D-D7D4-C3A5-E0865DD2005D}.Release|x86.Build.0 = Release|Any CPU
		{D20DFA27-C4D5-19E3-9450-5AF997970942}.Debug|Any CPU.ActiveCfg = Debug|Any CPU
		{D20DFA27-C4D5-19E3-9450-5AF997970942}.Debug|Any CPU.Build.0 = Debug|Any CPU
		{D20DFA27-C4D5-19E3-9450-5AF997970942}.Debug|x64.ActiveCfg = Debug|Any CPU
		{D20DFA27-C4D5-19E3-9450-5AF997970942}.Debug|x64.Build.0 = Debug|Any CPU
		{D20DFA27-C4D5-19E3-9450-5AF997970942}.Debug|x86.ActiveCfg = Debug|Any CPU
		{D20DFA27-C4D5-19E3-9450-5AF997970942}.Debug|x86.Build.0 = Debug|Any CPU
		{D20DFA27-C4D5-19E3-9450-5AF997970942}.Release|Any CPU.ActiveCfg = Release|Any CPU
		{D20DFA27-C4D5-19E3-9450-5AF997970942}.Release|Any CPU.Build.0 = Release|Any CPU
		{D20DFA27-C4D5-19E3-9450-5AF997970942}.Release|x64.ActiveCfg = Release|Any CPU
		{D20DFA27-C4D5-19E3-9450-5AF997970942}.Release|x64.Build.0 = Release|Any CPU
		{D20DFA27-C4D5-19E3-9450-5AF997970942}.Release|x86.ActiveCfg = Release|Any CPU
		{D20DFA27-C4D5-19E3-9450-5AF997970942}.Release|x86.Build.0 = Release|Any CPU
		{8AE96F39-E3A7-64FB-5ACA-BC679E779BDD}.Debug|Any CPU.ActiveCfg = Debug|Any CPU
		{8AE96F39-E3A7-64FB-5ACA-BC679E779BDD}.Debug|Any CPU.Build.0 = Debug|Any CPU
		{8AE96F39-E3A7-64FB-5ACA-BC679E779BDD}.Debug|x64.ActiveCfg = Debug|Any CPU
		{8AE96F39-E3A7-64FB-5ACA-BC679E779BDD}.Debug|x64.Build.0 = Debug|Any CPU
		{8AE96F39-E3A7-64FB-5ACA-BC679E779BDD}.Debug|x86.ActiveCfg = Debug|Any CPU
		{8AE96F39-E3A7-64FB-5ACA-BC679E779BDD}.Debug|x86.Build.0 = Debug|Any CPU
		{8AE96F39-E3A7-64FB-5ACA-BC679E779BDD}.Release|Any CPU.ActiveCfg = Release|Any CPU
		{8AE96F39-E3A7-64FB-5ACA-BC679E779BDD}.Release|Any CPU.Build.0 = Release|Any CPU
		{8AE96F39-E3A7-64FB-5ACA-BC679E779BDD}.Release|x64.ActiveCfg = Release|Any CPU
		{8AE96F39-E3A7-64FB-5ACA-BC679E779BDD}.Release|x64.Build.0 = Release|Any CPU
		{8AE96F39-E3A7-64FB-5ACA-BC679E779BDD}.Release|x86.ActiveCfg = Release|Any CPU
		{8AE96F39-E3A7-64FB-5ACA-BC679E779BDD}.Release|x86.Build.0 = Release|Any CPU
		{156C890D-1C7A-3763-BD86-FE3821BCCB36}.Debug|Any CPU.ActiveCfg = Debug|Any CPU
		{156C890D-1C7A-3763-BD86-FE3821BCCB36}.Debug|Any CPU.Build.0 = Debug|Any CPU
		{156C890D-1C7A-3763-BD86-FE3821BCCB36}.Debug|x64.ActiveCfg = Debug|Any CPU
		{156C890D-1C7A-3763-BD86-FE3821BCCB36}.Debug|x64.Build.0 = Debug|Any CPU
		{156C890D-1C7A-3763-BD86-FE3821BCCB36}.Debug|x86.ActiveCfg = Debug|Any CPU
		{156C890D-1C7A-3763-BD86-FE3821BCCB36}.Debug|x86.Build.0 = Debug|Any CPU
		{156C890D-1C7A-3763-BD86-FE3821BCCB36}.Release|Any CPU.ActiveCfg = Release|Any CPU
		{156C890D-1C7A-3763-BD86-FE3821BCCB36}.Release|Any CPU.Build.0 = Release|Any CPU
		{156C890D-1C7A-3763-BD86-FE3821BCCB36}.Release|x64.ActiveCfg = Release|Any CPU
		{156C890D-1C7A-3763-BD86-FE3821BCCB36}.Release|x64.Build.0 = Release|Any CPU
		{156C890D-1C7A-3763-BD86-FE3821BCCB36}.Release|x86.ActiveCfg = Release|Any CPU
		{156C890D-1C7A-3763-BD86-FE3821BCCB36}.Release|x86.Build.0 = Release|Any CPU
		{A86082B5-A287-0A5F-A445-3048AF2D6942}.Debug|Any CPU.ActiveCfg = Debug|Any CPU
		{A86082B5-A287-0A5F-A445-3048AF2D6942}.Debug|Any CPU.Build.0 = Debug|Any CPU
		{A86082B5-A287-0A5F-A445-3048AF2D6942}.Debug|x64.ActiveCfg = Debug|Any CPU
		{A86082B5-A287-0A5F-A445-3048AF2D6942}.Debug|x64.Build.0 = Debug|Any CPU
		{A86082B5-A287-0A5F-A445-3048AF2D6942}.Debug|x86.ActiveCfg = Debug|Any CPU
		{A86082B5-A287-0A5F-A445-3048AF2D6942}.Debug|x86.Build.0 = Debug|Any CPU
		{A86082B5-A287-0A5F-A445-3048AF2D6942}.Release|Any CPU.ActiveCfg = Release|Any CPU
		{A86082B5-A287-0A5F-A445-3048AF2D6942}.Release|Any CPU.Build.0 = Release|Any CPU
		{A86082B5-A287-0A5F-A445-3048AF2D6942}.Release|x64.ActiveCfg = Release|Any CPU
		{A86082B5-A287-0A5F-A445-3048AF2D6942}.Release|x64.Build.0 = Release|Any CPU
		{A86082B5-A287-0A5F-A445-3048AF2D6942}.Release|x86.ActiveCfg = Release|Any CPU
		{A86082B5-A287-0A5F-A445-3048AF2D6942}.Release|x86.Build.0 = Release|Any CPU
		{2AB1F31E-1FE6-9D4D-405B-E23CF66C6436}.Debug|Any CPU.ActiveCfg = Debug|Any CPU
		{2AB1F31E-1FE6-9D4D-405B-E23CF66C6436}.Debug|Any CPU.Build.0 = Debug|Any CPU
		{2AB1F31E-1FE6-9D4D-405B-E23CF66C6436}.Debug|x64.ActiveCfg = Debug|Any CPU
		{2AB1F31E-1FE6-9D4D-405B-E23CF66C6436}.Debug|x64.Build.0 = Debug|Any CPU
		{2AB1F31E-1FE6-9D4D-405B-E23CF66C6436}.Debug|x86.ActiveCfg = Debug|Any CPU
		{2AB1F31E-1FE6-9D4D-405B-E23CF66C6436}.Debug|x86.Build.0 = Debug|Any CPU
		{2AB1F31E-1FE6-9D4D-405B-E23CF66C6436}.Release|Any CPU.ActiveCfg = Release|Any CPU
		{2AB1F31E-1FE6-9D4D-405B-E23CF66C6436}.Release|Any CPU.Build.0 = Release|Any CPU
		{2AB1F31E-1FE6-9D4D-405B-E23CF66C6436}.Release|x64.ActiveCfg = Release|Any CPU
		{2AB1F31E-1FE6-9D4D-405B-E23CF66C6436}.Release|x64.Build.0 = Release|Any CPU
		{2AB1F31E-1FE6-9D4D-405B-E23CF66C6436}.Release|x86.ActiveCfg = Release|Any CPU
		{2AB1F31E-1FE6-9D4D-405B-E23CF66C6436}.Release|x86.Build.0 = Release|Any CPU
		{CDB7A93B-8DEB-441B-2B51-8BF0218A31B5}.Debug|Any CPU.ActiveCfg = Debug|Any CPU
		{CDB7A93B-8DEB-441B-2B51-8BF0218A31B5}.Debug|Any CPU.Build.0 = Debug|Any CPU
		{CDB7A93B-8DEB-441B-2B51-8BF0218A31B5}.Debug|x64.ActiveCfg = Debug|Any CPU
		{CDB7A93B-8DEB-441B-2B51-8BF0218A31B5}.Debug|x64.Build.0 = Debug|Any CPU
		{CDB7A93B-8DEB-441B-2B51-8BF0218A31B5}.Debug|x86.ActiveCfg = Debug|Any CPU
		{CDB7A93B-8DEB-441B-2B51-8BF0218A31B5}.Debug|x86.Build.0 = Debug|Any CPU
		{CDB7A93B-8DEB-441B-2B51-8BF0218A31B5}.Release|Any CPU.ActiveCfg = Release|Any CPU
		{CDB7A93B-8DEB-441B-2B51-8BF0218A31B5}.Release|Any CPU.Build.0 = Release|Any CPU
		{CDB7A93B-8DEB-441B-2B51-8BF0218A31B5}.Release|x64.ActiveCfg = Release|Any CPU
		{CDB7A93B-8DEB-441B-2B51-8BF0218A31B5}.Release|x64.Build.0 = Release|Any CPU
		{CDB7A93B-8DEB-441B-2B51-8BF0218A31B5}.Release|x86.ActiveCfg = Release|Any CPU
		{CDB7A93B-8DEB-441B-2B51-8BF0218A31B5}.Release|x86.Build.0 = Release|Any CPU
		{AD5E08A4-010C-4353-A0A1-0BE636A9DB2E}.Debug|Any CPU.ActiveCfg = Debug|Any CPU
		{AD5E08A4-010C-4353-A0A1-0BE636A9DB2E}.Debug|Any CPU.Build.0 = Debug|Any CPU
		{AD5E08A4-010C-4353-A0A1-0BE636A9DB2E}.Debug|x64.ActiveCfg = Debug|Any CPU
		{AD5E08A4-010C-4353-A0A1-0BE636A9DB2E}.Debug|x64.Build.0 = Debug|Any CPU
		{AD5E08A4-010C-4353-A0A1-0BE636A9DB2E}.Debug|x86.ActiveCfg = Debug|Any CPU
		{AD5E08A4-010C-4353-A0A1-0BE636A9DB2E}.Debug|x86.Build.0 = Debug|Any CPU
		{AD5E08A4-010C-4353-A0A1-0BE636A9DB2E}.Release|Any CPU.ActiveCfg = Release|Any CPU
		{AD5E08A4-010C-4353-A0A1-0BE636A9DB2E}.Release|Any CPU.Build.0 = Release|Any CPU
		{AD5E08A4-010C-4353-A0A1-0BE636A9DB2E}.Release|x64.ActiveCfg = Release|Any CPU
		{AD5E08A4-010C-4353-A0A1-0BE636A9DB2E}.Release|x64.Build.0 = Release|Any CPU
		{AD5E08A4-010C-4353-A0A1-0BE636A9DB2E}.Release|x86.ActiveCfg = Release|Any CPU
		{AD5E08A4-010C-4353-A0A1-0BE636A9DB2E}.Release|x86.Build.0 = Release|Any CPU
		{78AE72A2-9AF5-2D9E-E745-E9CCE8B0A17A}.Debug|Any CPU.ActiveCfg = Debug|Any CPU
		{78AE72A2-9AF5-2D9E-E745-E9CCE8B0A17A}.Debug|Any CPU.Build.0 = Debug|Any CPU
		{78AE72A2-9AF5-2D9E-E745-E9CCE8B0A17A}.Debug|x64.ActiveCfg = Debug|Any CPU
		{78AE72A2-9AF5-2D9E-E745-E9CCE8B0A17A}.Debug|x64.Build.0 = Debug|Any CPU
		{78AE72A2-9AF5-2D9E-E745-E9CCE8B0A17A}.Debug|x86.ActiveCfg = Debug|Any CPU
		{78AE72A2-9AF5-2D9E-E745-E9CCE8B0A17A}.Debug|x86.Build.0 = Debug|Any CPU
		{78AE72A2-9AF5-2D9E-E745-E9CCE8B0A17A}.Release|Any CPU.ActiveCfg = Release|Any CPU
		{78AE72A2-9AF5-2D9E-E745-E9CCE8B0A17A}.Release|Any CPU.Build.0 = Release|Any CPU
		{78AE72A2-9AF5-2D9E-E745-E9CCE8B0A17A}.Release|x64.ActiveCfg = Release|Any CPU
		{78AE72A2-9AF5-2D9E-E745-E9CCE8B0A17A}.Release|x64.Build.0 = Release|Any CPU
		{78AE72A2-9AF5-2D9E-E745-E9CCE8B0A17A}.Release|x86.ActiveCfg = Release|Any CPU
		{78AE72A2-9AF5-2D9E-E745-E9CCE8B0A17A}.Release|x86.Build.0 = Release|Any CPU
		{F88B0FD3-0F8D-3678-F847-DD03403A4560}.Debug|Any CPU.ActiveCfg = Debug|Any CPU
		{F88B0FD3-0F8D-3678-F847-DD03403A4560}.Debug|Any CPU.Build.0 = Debug|Any CPU
		{F88B0FD3-0F8D-3678-F847-DD03403A4560}.Debug|x64.ActiveCfg = Debug|Any CPU
		{F88B0FD3-0F8D-3678-F847-DD03403A4560}.Debug|x64.Build.0 = Debug|Any CPU
		{F88B0FD3-0F8D-3678-F847-DD03403A4560}.Debug|x86.ActiveCfg = Debug|Any CPU
		{F88B0FD3-0F8D-3678-F847-DD03403A4560}.Debug|x86.Build.0 = Debug|Any CPU
		{F88B0FD3-0F8D-3678-F847-DD03403A4560}.Release|Any CPU.ActiveCfg = Release|Any CPU
		{F88B0FD3-0F8D-3678-F847-DD03403A4560}.Release|Any CPU.Build.0 = Release|Any CPU
		{F88B0FD3-0F8D-3678-F847-DD03403A4560}.Release|x64.ActiveCfg = Release|Any CPU
		{F88B0FD3-0F8D-3678-F847-DD03403A4560}.Release|x64.Build.0 = Release|Any CPU
		{F88B0FD3-0F8D-3678-F847-DD03403A4560}.Release|x86.ActiveCfg = Release|Any CPU
		{F88B0FD3-0F8D-3678-F847-DD03403A4560}.Release|x86.Build.0 = Release|Any CPU
		{6AF5C765-2224-BAB6-CD5B-D0450669AFCE}.Debug|Any CPU.ActiveCfg = Debug|Any CPU
		{6AF5C765-2224-BAB6-CD5B-D0450669AFCE}.Debug|Any CPU.Build.0 = Debug|Any CPU
		{6AF5C765-2224-BAB6-CD5B-D0450669AFCE}.Debug|x64.ActiveCfg = Debug|Any CPU
		{6AF5C765-2224-BAB6-CD5B-D0450669AFCE}.Debug|x64.Build.0 = Debug|Any CPU
		{6AF5C765-2224-BAB6-CD5B-D0450669AFCE}.Debug|x86.ActiveCfg = Debug|Any CPU
		{6AF5C765-2224-BAB6-CD5B-D0450669AFCE}.Debug|x86.Build.0 = Debug|Any CPU
		{6AF5C765-2224-BAB6-CD5B-D0450669AFCE}.Release|Any CPU.ActiveCfg = Release|Any CPU
		{6AF5C765-2224-BAB6-CD5B-D0450669AFCE}.Release|Any CPU.Build.0 = Release|Any CPU
		{6AF5C765-2224-BAB6-CD5B-D0450669AFCE}.Release|x64.ActiveCfg = Release|Any CPU
		{6AF5C765-2224-BAB6-CD5B-D0450669AFCE}.Release|x64.Build.0 = Release|Any CPU
		{6AF5C765-2224-BAB6-CD5B-D0450669AFCE}.Release|x86.ActiveCfg = Release|Any CPU
		{6AF5C765-2224-BAB6-CD5B-D0450669AFCE}.Release|x86.Build.0 = Release|Any CPU
		{7C275498-C99D-7BB0-3BEF-5DD83EEC7FC9}.Debug|Any CPU.ActiveCfg = Debug|Any CPU
		{7C275498-C99D-7BB0-3BEF-5DD83EEC7FC9}.Debug|Any CPU.Build.0 = Debug|Any CPU
		{7C275498-C99D-7BB0-3BEF-5DD83EEC7FC9}.Debug|x64.ActiveCfg = Debug|Any CPU
		{7C275498-C99D-7BB0-3BEF-5DD83EEC7FC9}.Debug|x64.Build.0 = Debug|Any CPU
		{7C275498-C99D-7BB0-3BEF-5DD83EEC7FC9}.Debug|x86.ActiveCfg = Debug|Any CPU
		{7C275498-C99D-7BB0-3BEF-5DD83EEC7FC9}.Debug|x86.Build.0 = Debug|Any CPU
		{7C275498-C99D-7BB0-3BEF-5DD83EEC7FC9}.Release|Any CPU.ActiveCfg = Release|Any CPU
		{7C275498-C99D-7BB0-3BEF-5DD83EEC7FC9}.Release|Any CPU.Build.0 = Release|Any CPU
		{7C275498-C99D-7BB0-3BEF-5DD83EEC7FC9}.Release|x64.ActiveCfg = Release|Any CPU
		{7C275498-C99D-7BB0-3BEF-5DD83EEC7FC9}.Release|x64.Build.0 = Release|Any CPU
		{7C275498-C99D-7BB0-3BEF-5DD83EEC7FC9}.Release|x86.ActiveCfg = Release|Any CPU
		{7C275498-C99D-7BB0-3BEF-5DD83EEC7FC9}.Release|x86.Build.0 = Release|Any CPU
		{8AE355D5-AAFF-245A-D18D-3A5FC02E97CF}.Debug|Any CPU.ActiveCfg = Debug|Any CPU
		{8AE355D5-AAFF-245A-D18D-3A5FC02E97CF}.Debug|Any CPU.Build.0 = Debug|Any CPU
		{8AE355D5-AAFF-245A-D18D-3A5FC02E97CF}.Debug|x64.ActiveCfg = Debug|Any CPU
		{8AE355D5-AAFF-245A-D18D-3A5FC02E97CF}.Debug|x64.Build.0 = Debug|Any CPU
		{8AE355D5-AAFF-245A-D18D-3A5FC02E97CF}.Debug|x86.ActiveCfg = Debug|Any CPU
		{8AE355D5-AAFF-245A-D18D-3A5FC02E97CF}.Debug|x86.Build.0 = Debug|Any CPU
		{8AE355D5-AAFF-245A-D18D-3A5FC02E97CF}.Release|Any CPU.ActiveCfg = Release|Any CPU
		{8AE355D5-AAFF-245A-D18D-3A5FC02E97CF}.Release|Any CPU.Build.0 = Release|Any CPU
		{8AE355D5-AAFF-245A-D18D-3A5FC02E97CF}.Release|x64.ActiveCfg = Release|Any CPU
		{8AE355D5-AAFF-245A-D18D-3A5FC02E97CF}.Release|x64.Build.0 = Release|Any CPU
		{8AE355D5-AAFF-245A-D18D-3A5FC02E97CF}.Release|x86.ActiveCfg = Release|Any CPU
		{8AE355D5-AAFF-245A-D18D-3A5FC02E97CF}.Release|x86.Build.0 = Release|Any CPU
		{A946D101-10C4-A311-4EDD-C818BE007F6F}.Debug|Any CPU.ActiveCfg = Debug|Any CPU
		{A946D101-10C4-A311-4EDD-C818BE007F6F}.Debug|Any CPU.Build.0 = Debug|Any CPU
		{A946D101-10C4-A311-4EDD-C818BE007F6F}.Debug|x64.ActiveCfg = Debug|Any CPU
		{A946D101-10C4-A311-4EDD-C818BE007F6F}.Debug|x64.Build.0 = Debug|Any CPU
		{A946D101-10C4-A311-4EDD-C818BE007F6F}.Debug|x86.ActiveCfg = Debug|Any CPU
		{A946D101-10C4-A311-4EDD-C818BE007F6F}.Debug|x86.Build.0 = Debug|Any CPU
		{A946D101-10C4-A311-4EDD-C818BE007F6F}.Release|Any CPU.ActiveCfg = Release|Any CPU
		{A946D101-10C4-A311-4EDD-C818BE007F6F}.Release|Any CPU.Build.0 = Release|Any CPU
		{A946D101-10C4-A311-4EDD-C818BE007F6F}.Release|x64.ActiveCfg = Release|Any CPU
		{A946D101-10C4-A311-4EDD-C818BE007F6F}.Release|x64.Build.0 = Release|Any CPU
		{A946D101-10C4-A311-4EDD-C818BE007F6F}.Release|x86.ActiveCfg = Release|Any CPU
		{A946D101-10C4-A311-4EDD-C818BE007F6F}.Release|x86.Build.0 = Release|Any CPU
		{FB423386-A5CE-F2E0-63EC-66099B19577D}.Debug|Any CPU.ActiveCfg = Debug|Any CPU
		{FB423386-A5CE-F2E0-63EC-66099B19577D}.Debug|Any CPU.Build.0 = Debug|Any CPU
		{FB423386-A5CE-F2E0-63EC-66099B19577D}.Debug|x64.ActiveCfg = Debug|Any CPU
		{FB423386-A5CE-F2E0-63EC-66099B19577D}.Debug|x64.Build.0 = Debug|Any CPU
		{FB423386-A5CE-F2E0-63EC-66099B19577D}.Debug|x86.ActiveCfg = Debug|Any CPU
		{FB423386-A5CE-F2E0-63EC-66099B19577D}.Debug|x86.Build.0 = Debug|Any CPU
		{FB423386-A5CE-F2E0-63EC-66099B19577D}.Release|Any CPU.ActiveCfg = Release|Any CPU
		{FB423386-A5CE-F2E0-63EC-66099B19577D}.Release|Any CPU.Build.0 = Release|Any CPU
		{FB423386-A5CE-F2E0-63EC-66099B19577D}.Release|x64.ActiveCfg = Release|Any CPU
		{FB423386-A5CE-F2E0-63EC-66099B19577D}.Release|x64.Build.0 = Release|Any CPU
		{FB423386-A5CE-F2E0-63EC-66099B19577D}.Release|x86.ActiveCfg = Release|Any CPU
		{FB423386-A5CE-F2E0-63EC-66099B19577D}.Release|x86.Build.0 = Release|Any CPU
		{2674ACB6-E4B5-FAF4-C0F8-9DEE57A54AEA}.Debug|Any CPU.ActiveCfg = Debug|Any CPU
		{2674ACB6-E4B5-FAF4-C0F8-9DEE57A54AEA}.Debug|Any CPU.Build.0 = Debug|Any CPU
		{2674ACB6-E4B5-FAF4-C0F8-9DEE57A54AEA}.Debug|x64.ActiveCfg = Debug|Any CPU
		{2674ACB6-E4B5-FAF4-C0F8-9DEE57A54AEA}.Debug|x64.Build.0 = Debug|Any CPU
		{2674ACB6-E4B5-FAF4-C0F8-9DEE57A54AEA}.Debug|x86.ActiveCfg = Debug|Any CPU
		{2674ACB6-E4B5-FAF4-C0F8-9DEE57A54AEA}.Debug|x86.Build.0 = Debug|Any CPU
		{2674ACB6-E4B5-FAF4-C0F8-9DEE57A54AEA}.Release|Any CPU.ActiveCfg = Release|Any CPU
		{2674ACB6-E4B5-FAF4-C0F8-9DEE57A54AEA}.Release|Any CPU.Build.0 = Release|Any CPU
		{2674ACB6-E4B5-FAF4-C0F8-9DEE57A54AEA}.Release|x64.ActiveCfg = Release|Any CPU
		{2674ACB6-E4B5-FAF4-C0F8-9DEE57A54AEA}.Release|x64.Build.0 = Release|Any CPU
		{2674ACB6-E4B5-FAF4-C0F8-9DEE57A54AEA}.Release|x86.ActiveCfg = Release|Any CPU
		{2674ACB6-E4B5-FAF4-C0F8-9DEE57A54AEA}.Release|x86.Build.0 = Release|Any CPU
		{8E9B3FBF-BAE1-4408-8D24-F11E71C8D703}.Debug|Any CPU.ActiveCfg = Debug|Any CPU
		{8E9B3FBF-BAE1-4408-8D24-F11E71C8D703}.Debug|Any CPU.Build.0 = Debug|Any CPU
		{8E9B3FBF-BAE1-4408-8D24-F11E71C8D703}.Debug|x64.ActiveCfg = Debug|Any CPU
		{8E9B3FBF-BAE1-4408-8D24-F11E71C8D703}.Debug|x64.Build.0 = Debug|Any CPU
		{8E9B3FBF-BAE1-4408-8D24-F11E71C8D703}.Debug|x86.ActiveCfg = Debug|Any CPU
		{8E9B3FBF-BAE1-4408-8D24-F11E71C8D703}.Debug|x86.Build.0 = Debug|Any CPU
		{8E9B3FBF-BAE1-4408-8D24-F11E71C8D703}.Release|Any CPU.ActiveCfg = Release|Any CPU
		{8E9B3FBF-BAE1-4408-8D24-F11E71C8D703}.Release|Any CPU.Build.0 = Release|Any CPU
		{8E9B3FBF-BAE1-4408-8D24-F11E71C8D703}.Release|x64.ActiveCfg = Release|Any CPU
		{8E9B3FBF-BAE1-4408-8D24-F11E71C8D703}.Release|x64.Build.0 = Release|Any CPU
		{8E9B3FBF-BAE1-4408-8D24-F11E71C8D703}.Release|x86.ActiveCfg = Release|Any CPU
		{8E9B3FBF-BAE1-4408-8D24-F11E71C8D703}.Release|x86.Build.0 = Release|Any CPU
		{75597661-6E3A-6633-043A-7002B0C5395E}.Debug|Any CPU.ActiveCfg = Debug|Any CPU
		{75597661-6E3A-6633-043A-7002B0C5395E}.Debug|Any CPU.Build.0 = Debug|Any CPU
		{75597661-6E3A-6633-043A-7002B0C5395E}.Debug|x64.ActiveCfg = Debug|Any CPU
		{75597661-6E3A-6633-043A-7002B0C5395E}.Debug|x64.Build.0 = Debug|Any CPU
		{75597661-6E3A-6633-043A-7002B0C5395E}.Debug|x86.ActiveCfg = Debug|Any CPU
		{75597661-6E3A-6633-043A-7002B0C5395E}.Debug|x86.Build.0 = Debug|Any CPU
		{75597661-6E3A-6633-043A-7002B0C5395E}.Release|Any CPU.ActiveCfg = Release|Any CPU
		{75597661-6E3A-6633-043A-7002B0C5395E}.Release|Any CPU.Build.0 = Release|Any CPU
		{75597661-6E3A-6633-043A-7002B0C5395E}.Release|x64.ActiveCfg = Release|Any CPU
		{75597661-6E3A-6633-043A-7002B0C5395E}.Release|x64.Build.0 = Release|Any CPU
		{75597661-6E3A-6633-043A-7002B0C5395E}.Release|x86.ActiveCfg = Release|Any CPU
		{75597661-6E3A-6633-043A-7002B0C5395E}.Release|x86.Build.0 = Release|Any CPU
		{B4731C20-EDB8-FFE9-6AEA-667B54C5C90E}.Debug|Any CPU.ActiveCfg = Debug|Any CPU
		{B4731C20-EDB8-FFE9-6AEA-667B54C5C90E}.Debug|Any CPU.Build.0 = Debug|Any CPU
		{B4731C20-EDB8-FFE9-6AEA-667B54C5C90E}.Debug|x64.ActiveCfg = Debug|Any CPU
		{B4731C20-EDB8-FFE9-6AEA-667B54C5C90E}.Debug|x64.Build.0 = Debug|Any CPU
		{B4731C20-EDB8-FFE9-6AEA-667B54C5C90E}.Debug|x86.ActiveCfg = Debug|Any CPU
		{B4731C20-EDB8-FFE9-6AEA-667B54C5C90E}.Debug|x86.Build.0 = Debug|Any CPU
		{B4731C20-EDB8-FFE9-6AEA-667B54C5C90E}.Release|Any CPU.ActiveCfg = Release|Any CPU
		{B4731C20-EDB8-FFE9-6AEA-667B54C5C90E}.Release|Any CPU.Build.0 = Release|Any CPU
		{B4731C20-EDB8-FFE9-6AEA-667B54C5C90E}.Release|x64.ActiveCfg = Release|Any CPU
		{B4731C20-EDB8-FFE9-6AEA-667B54C5C90E}.Release|x64.Build.0 = Release|Any CPU
		{B4731C20-EDB8-FFE9-6AEA-667B54C5C90E}.Release|x86.ActiveCfg = Release|Any CPU
		{B4731C20-EDB8-FFE9-6AEA-667B54C5C90E}.Release|x86.Build.0 = Release|Any CPU
		{12934EBE-C34F-E3E9-B2CD-4A1E2BBAF4F0}.Debug|Any CPU.ActiveCfg = Debug|Any CPU
		{12934EBE-C34F-E3E9-B2CD-4A1E2BBAF4F0}.Debug|Any CPU.Build.0 = Debug|Any CPU
		{12934EBE-C34F-E3E9-B2CD-4A1E2BBAF4F0}.Debug|x64.ActiveCfg = Debug|Any CPU
		{12934EBE-C34F-E3E9-B2CD-4A1E2BBAF4F0}.Debug|x64.Build.0 = Debug|Any CPU
		{12934EBE-C34F-E3E9-B2CD-4A1E2BBAF4F0}.Debug|x86.ActiveCfg = Debug|Any CPU
		{12934EBE-C34F-E3E9-B2CD-4A1E2BBAF4F0}.Debug|x86.Build.0 = Debug|Any CPU
		{12934EBE-C34F-E3E9-B2CD-4A1E2BBAF4F0}.Release|Any CPU.ActiveCfg = Release|Any CPU
		{12934EBE-C34F-E3E9-B2CD-4A1E2BBAF4F0}.Release|Any CPU.Build.0 = Release|Any CPU
		{12934EBE-C34F-E3E9-B2CD-4A1E2BBAF4F0}.Release|x64.ActiveCfg = Release|Any CPU
		{12934EBE-C34F-E3E9-B2CD-4A1E2BBAF4F0}.Release|x64.Build.0 = Release|Any CPU
		{12934EBE-C34F-E3E9-B2CD-4A1E2BBAF4F0}.Release|x86.ActiveCfg = Release|Any CPU
		{12934EBE-C34F-E3E9-B2CD-4A1E2BBAF4F0}.Release|x86.Build.0 = Release|Any CPU
		{2C0AFA75-5C78-8272-D665-7E8171C945ED}.Debug|Any CPU.ActiveCfg = Debug|Any CPU
		{2C0AFA75-5C78-8272-D665-7E8171C945ED}.Debug|Any CPU.Build.0 = Debug|Any CPU
		{2C0AFA75-5C78-8272-D665-7E8171C945ED}.Debug|x64.ActiveCfg = Debug|Any CPU
		{2C0AFA75-5C78-8272-D665-7E8171C945ED}.Debug|x64.Build.0 = Debug|Any CPU
		{2C0AFA75-5C78-8272-D665-7E8171C945ED}.Debug|x86.ActiveCfg = Debug|Any CPU
		{2C0AFA75-5C78-8272-D665-7E8171C945ED}.Debug|x86.Build.0 = Debug|Any CPU
		{2C0AFA75-5C78-8272-D665-7E8171C945ED}.Release|Any CPU.ActiveCfg = Release|Any CPU
		{2C0AFA75-5C78-8272-D665-7E8171C945ED}.Release|Any CPU.Build.0 = Release|Any CPU
		{2C0AFA75-5C78-8272-D665-7E8171C945ED}.Release|x64.ActiveCfg = Release|Any CPU
		{2C0AFA75-5C78-8272-D665-7E8171C945ED}.Release|x64.Build.0 = Release|Any CPU
		{2C0AFA75-5C78-8272-D665-7E8171C945ED}.Release|x86.ActiveCfg = Release|Any CPU
		{2C0AFA75-5C78-8272-D665-7E8171C945ED}.Release|x86.Build.0 = Release|Any CPU
	EndGlobalSection
	GlobalSection(SolutionProperties) = preSolution
		HideSolutionNode = FALSE
	EndGlobalSection
	GlobalSection(NestedProjects) = preSolution
		{5683263C-1E52-4A2E-9256-893009BF790B} = {A74F262E-BDE7-D5D2-89E9-785413424D0A}
		{35EFEF77-CFD8-426F-9675-2A459F30248F} = {A74F262E-BDE7-D5D2-89E9-785413424D0A}
		{E6C0B55A-6F00-A760-6793-274469BC8664} = {8D9D945D-F447-945B-7FF7-1EA07C640C84}
		{74844D75-2A9B-15E1-A88C-054D3B36AF25} = {8D9D945D-F447-945B-7FF7-1EA07C640C84}
		{50AFE11B-703A-BEE9-7E4C-16735CA4E5B4} = {8D9D945D-F447-945B-7FF7-1EA07C640C84}
		{9684279D-0C5F-ECFB-32AA-79C46D9FBD6F} = {02EA681E-C7D8-13C7-8484-4AC65E1B71E8}
		{66F0C8F3-1207-FBD1-1208-33F2ACBF267A} = {02EA681E-C7D8-13C7-8484-4AC65E1B71E8}
		{EA28E862-367D-6F01-221F-612D6092B7A9} = {02EA681E-C7D8-13C7-8484-4AC65E1B71E8}
		{BCB7F7A1-E2C9-8747-5A99-66ED97DDA3DF} = {02EA681E-C7D8-13C7-8484-4AC65E1B71E8}
		{7C3F7E77-A52B-0343-AC5F-56F6A947A9E7} = {02EA681E-C7D8-13C7-8484-4AC65E1B71E8}
		{1D65F41E-4F9D-D7D4-C3A5-E0865DD2005D} = {02EA681E-C7D8-13C7-8484-4AC65E1B71E8}
		{D20DFA27-C4D5-19E3-9450-5AF997970942} = {02EA681E-C7D8-13C7-8484-4AC65E1B71E8}
		{8AE96F39-E3A7-64FB-5ACA-BC679E779BDD} = {02EA681E-C7D8-13C7-8484-4AC65E1B71E8}
		{156C890D-1C7A-3763-BD86-FE3821BCCB36} = {9D57FA24-CAC1-4F57-B903-303D301A360F}
		{A86082B5-A287-0A5F-A445-3048AF2D6942} = {9D57FA24-CAC1-4F57-B903-303D301A360F}
		{2AB1F31E-1FE6-9D4D-405B-E23CF66C6436} = {E3989123-815C-485F-AA00-FE770C490E0C}
		{CDB7A93B-8DEB-441B-2B51-8BF0218A31B5} = {E3989123-815C-485F-AA00-FE770C490E0C}
		{AD5E08A4-010C-4353-A0A1-0BE636A9DB2E} = {684900C6-FEA0-4FE0-B90C-5A8DDCF27224}
		{78AE72A2-9AF5-2D9E-E745-E9CCE8B0A17A} = {684900C6-FEA0-4FE0-B90C-5A8DDCF27224}
		{F88B0FD3-0F8D-3678-F847-DD03403A4560} = {684900C6-FEA0-4FE0-B90C-5A8DDCF27224}
		{6AF5C765-2224-BAB6-CD5B-D0450669AFCE} = {684900C6-FEA0-4FE0-B90C-5A8DDCF27224}
		{7C275498-C99D-7BB0-3BEF-5DD83EEC7FC9} = {684900C6-FEA0-4FE0-B90C-5A8DDCF27224}
		{8AE355D5-AAFF-245A-D18D-3A5FC02E97CF} = {684900C6-FEA0-4FE0-B90C-5A8DDCF27224}
		{A946D101-10C4-A311-4EDD-C818BE007F6F} = {1EA52E70-6BC4-42E6-BD5A-EDDF7156BA72}
		{FB423386-A5CE-F2E0-63EC-66099B19577D} = {1EA52E70-6BC4-42E6-BD5A-EDDF7156BA72}
		{2674ACB6-E4B5-FAF4-C0F8-9DEE57A54AEA} = {1EA52E70-6BC4-42E6-BD5A-EDDF7156BA72}
		{8E9B3FBF-BAE1-4408-8D24-F11E71C8D703} = {1EA52E70-6BC4-42E6-BD5A-EDDF7156BA72}
		{75597661-6E3A-6633-043A-7002B0C5395E} = {AE9C7B17-225A-471F-9027-A34E24781A70}
		{B4731C20-EDB8-FFE9-6AEA-667B54C5C90E} = {AE9C7B17-225A-471F-9027-A34E24781A70}
		{12934EBE-C34F-E3E9-B2CD-4A1E2BBAF4F0} = {059FA3DF-7E3B-401E-9E6A-644E2493452B}
		{2C0AFA75-5C78-8272-D665-7E8171C945ED} = {059FA3DF-7E3B-401E-9E6A-644E2493452B}
		{96F749CE-3274-4D11-8CA9-7B9C6CA3D9FD} = {2F2D825C-AF37-4DF9-9326-CA7E4666527E}
	EndGlobalSection
	GlobalSection(ExtensibilityGlobals) = postSolution
		SolutionGuid = {24622CA8-B1FE-4FFE-9B1A-1B7D8562BB3F}
	EndGlobalSection
EndGlobal
